
Microsoft Visual Studio Solution File, Format Version 12.00
# Visual Studio Version 17
VisualStudioVersion = 17.7.34031.279
MinimumVisualStudioVersion = 10.0.40219.1
Project("{FAE04EC0-301F-11D3-BF4B-00C04F79EFBC}") = "Desafio1", "Desafio1\Desafio1.csproj", "{F7DAD0AE-DAE3-4C23-BD87-47DF1E80E6FD}"
EndProject
Global
	GlobalSection(SolutionConfigurationPlatforms) = preSolution
		Debug|Any CPU = Debug|Any CPU
		Release|Any CPU = Release|Any CPU
	EndGlobalSection
	GlobalSection(ProjectConfigurationPlatforms) = postSolution
		{F7DAD0AE-DAE3-4C23-BD87-47DF1E80E6FD}.Debug|Any CPU.ActiveCfg = Debug|Any CPU
		{F7DAD0AE-DAE3-4C23-BD87-47DF1E80E6FD}.Debug|Any CPU.Build.0 = Debug|Any CPU
		{F7DAD0AE-DAE3-4C23-BD87-47DF1E80E6FD}.Release|Any CPU.ActiveCfg = Release|Any CPU
		{F7DAD0AE-DAE3-4C23-BD87-47DF1E80E6FD}.Release|Any CPU.Build.0 = Release|Any CPU
	EndGlobalSection
	GlobalSection(SolutionProperties) = preSolution
		HideSolutionNode = FALSE
	EndGlobalSection
	GlobalSection(ExtensibilityGlobals) = postSolution
		SolutionGuid = {138890E8-EF16-4E93-BC04-CDA3FA5D8FFA}
	EndGlobalSection
EndGlobal
